<?xml version="1.0" encoding="utf-8"?>
<Project ToolsVersion="4.0" xmlns="http://schemas.microsoft.com/developer/msbuild/2003">
  <ItemGroup>
    <ClCompile Include="CarSelect.cpp" />
    <ClCompile Include="Game.cpp" />
    <ClCompile Include="GameScreen.cpp" />
    <ClCompile Include="Help.cpp" />
    <ClCompile Include="License.cpp" />
    <ClCompile Include="main.cpp" />
    <ClCompile Include="MainMenu.cpp" />
    <ClCompile Include="Options.cpp" />
    <ClCompile Include="OptionsHelp.cpp" />
    <ClCompile Include="Pause.cpp" />
    <ClCompile Include="PauseOptions.cpp" />
    <ClCompile Include="Player.cpp" />
    <ClCompile Include="Splash.cpp" />
    <ClCompile Include="Xbox360Controller.cpp" />
    <ClCompile Include="CollisionDetector.cpp" />
    <ClCompile Include="OrientedBoundingBox.cpp" />
    <ClCompile Include="KeyHandler.cpp" />
  </ItemGroup>
  <ItemGroup>
    <ClInclude Include="CarSelect.h" />
    <ClInclude Include="Game.h" />
    <ClInclude Include="GameScreen.h" />
    <ClInclude Include="Help.h" />
    <ClInclude Include="License.h" />
    <ClInclude Include="MainMenu.h" />
    <ClInclude Include="Options.h" />
    <ClInclude Include="OptionsHelp.h" />
    <ClInclude Include="Pause.h" />
    <ClInclude Include="PauseOptions.h" />
    <ClInclude Include="Player.h" />
    <ClInclude Include="Splash.h" />
    <ClInclude Include="Xbox360Controller.h" />
    <ClInclude Include="CollisionDetector.h" />
    <ClInclude Include="OrientedBoundingBox.h" />
    <ClInclude Include="KeyHandler.h" />
  </ItemGroup>
  <ItemGroup>
    <Image Include="background2.png" />
    <Image Include="background3.png" />
    <Image Include="bigTrack.png" />
    <Image Include="CarSprite.png" />
    <Image Include="garage.png" />
    <Image Include="fire.png" />
    <Image Include="help.png" />
    <Image Include="select.png" />
    <Image Include="Speed.png" />
    <Image Include="track2.png" />
  </ItemGroup>
  <ItemGroup>
    <Font Include="Adventure Hollow.otf" />
    <Font Include="Adventure.otf" />
    <Font Include="Meatloaf.ttf" />
  </ItemGroup>
</Project>