<?xml version="1.0" encoding="utf-8"?>
<Project ToolsVersion="4.0" xmlns="http://schemas.microsoft.com/developer/msbuild/2003">
  <ItemGroup>
    <ClCompile Include="Game.cpp" />
    <ClCompile Include="GameScreen.cpp" />
    <ClCompile Include="Help.cpp" />
    <ClCompile Include="License.cpp" />
    <ClCompile Include="main.cpp" />
    <ClCompile Include="MainMenu.cpp" />
    <ClCompile Include="Options.cpp" />
    <ClCompile Include="Splash.cpp" />
    <ClCompile Include="Xbox360Controller.cpp" />
  </ItemGroup>
  <ItemGroup>
    <ClInclude Include="Help.h" />
    <ClInclude Include="Xbox360Controller.h" />
    <ClInclude Include="Game.h">
      <Filter>Headers</Filter>
    </ClInclude>
    <ClInclude Include="GameScreen.h">
      <Filter>Headers</Filter>
    </ClInclude>
    <ClInclude Include="License.h">
      <Filter>Headers</Filter>
    </ClInclude>
    <ClInclude Include="MainMenu.h">
      <Filter>Headers</Filter>
    </ClInclude>
    <ClInclude Include="Options.h">
      <Filter>Headers</Filter>
    </ClInclude>
    <ClInclude Include="Splash.h">
      <Filter>Headers</Filter>
    </ClInclude>
  </ItemGroup>
  <ItemGroup>
    <Image Include="arrow.png" />
    <Image Include="background.png" />
    <Image Include="button.png" />
    <Image Include="globe.png" />
    <Image Include="help.png" />
    <Image Include="logo2.png" />
    <Image Include="marker.png" />
    <Image Include="pressed.png" />
    <Image Include="songButton.png" />
    <Image Include="songButton1.png" />
    <Image Include="songButton2.png" />
    <Image Include="songButton3.png" />
    <Image Include="unpressed.png" />
    <Image Include="CarSprite.png" />
    <Image Include="select.png" />
    <Image Include="track3.png" />
  </ItemGroup>
  <ItemGroup>
    <Font Include="AGENTORANGE.TTF" />
  </ItemGroup>
  <ItemGroup>
    <Filter Include="Headers">
      <UniqueIdentifier>{ede37497-cd68-4cdd-b15a-393471432767}</UniqueIdentifier>
    </Filter>
  </ItemGroup>
</Project>