<?xml version="1.0" encoding="utf-8"?>
<Project ToolsVersion="4.0" xmlns="http://schemas.microsoft.com/developer/msbuild/2003">
  <ItemGroup>
    <ClCompile Include="Game.cpp" />
    <ClCompile Include="GameScreen.cpp" />
    <ClCompile Include="License.cpp" />
    <ClCompile Include="main.cpp" />
    <ClCompile Include="MainMenu.cpp" />
    <ClCompile Include="Options.cpp" />
    <ClCompile Include="Splash.cpp" />
    <ClCompile Include="Xbox360Controller.cpp" />
    <ClCompile Include="Help.cpp" />
  </ItemGroup>
  <ItemGroup>
    <ClInclude Include="Game.h" />
    <ClInclude Include="GamesScreen.h" />
    <ClInclude Include="License.h" />
    <ClInclude Include="MainMenu.h" />
    <ClInclude Include="Options.h" />
    <ClInclude Include="Splash.h" />
    <ClInclude Include="Xbox360Controller.h" />
    <ClInclude Include="Help.h" />
  </ItemGroup>
  <ItemGroup>
    <Image Include="arrow.png" />
    <Image Include="background.png" />
    <Image Include="button.png" />
    <Image Include="globe.png" />
    <Image Include="logo2.png" />
    <Image Include="marker.png" />
    <Image Include="pressed.png" />
    <Image Include="songButton.png" />
    <Image Include="songButton1.png" />
    <Image Include="songButton2.png" />
    <Image Include="songButton3.png" />
    <Image Include="unpressed.png" />
    <Image Include="CarSprite.png" />
    <Image Include="select.png" />
  </ItemGroup>
  <ItemGroup>
    <Font Include="AGENTORANGE.TTF" />
  </ItemGroup>
</Project>